// !$*UTF8*$!
{
	archiveVersion = 1;
	classes = {
	};
	objectVersion = 50;
	objects = {

/* Begin PBXBuildFile section */
		D35C7A212B527E58004BEE04 /* CaptureProApp.swift in Sources */ = {isa = PBXBuildFile; fileRef = D35C7A202B527E58004BEE04 /* CaptureProApp.swift */; };
		D35C7A232B527E58004BEE05 /* ContentView.swift in Sources */ = {isa = PBXBuildFile; fileRef = D35C7A222B527E58004BEE05 /* ContentView.swift */; };
		D35C7A252B527E58004BEE06 /* CameraManager.swift in Sources */ = {isa = PBXBuildFile; fileRef = D35C7A242B527E58004BEE06 /* CameraManager.swift */; };
		D35C7A272B527E58004BEE07 /* CameraPreview.swift in Sources */ = {isa = PBXBuildFile; fileRef = D35C7A262B527E58004BEE07 /* CameraPreview.swift */; };
		D35C7A292B527E58004BEE08 /* TagNoResolver.swift in Sources */ = {isa = PBXBuildFile; fileRef = D35C7A282B527E58004BEE08 /* TagNoResolver.swift */; };
		D35C7A2B2B527E58004BEE09 /* ExpiryGuard.swift in Sources */ = {isa = PBXBuildFile; fileRef = D35C7A2A2B527E58004BEE09 /* ExpiryGuard.swift */; };
		D35C7A2D2B527E58004BEE0A /* ExpiredView.swift in Sources */ = {isa = PBXBuildFile; fileRef = D35C7A2C2B527E58004BEE0A /* ExpiredView.swift */; };
		D35C7A2F2B527E58004BEE0B /* BarcodeScannerView.swift in Sources */ = {isa = PBXBuildFile; fileRef = D35C7A2E2B527E58004BEE0B /* BarcodeScannerView.swift */; };
		D35C7A312B527E58004BEE0C /* FolderPicker.swift in Sources */ = {isa = PBXBuildFile; fileRef = D35C7A302B527E58004BEE0C /* FolderPicker.swift */; };
		D35C7A342B527E58004BEE0E /* Assets.xcassets in Resources */ = {isa = PBXBuildFile; fileRef = D35C7A332B527E58004BEE0E /* Assets.xcassets */; };
/* End PBXBuildFile section */

/* Begin PBXFileReference section */
		D35C7A202B527E58004BEE04 /* CaptureProApp.swift */ = {isa = PBXFileReference; lastKnownFileType = sourcecode.swift; path = CaptureProApp.swift; sourceTree = "<group>"; };
		D35C7A222B527E58004BEE05 /* ContentView.swift */ = {isa = PBXFileReference; lastKnownFileType = sourcecode.swift; path = ContentView.swift; sourceTree = "<group>"; };
		D35C7A242B527E58004BEE06 /* CameraManager.swift */ = {isa = PBXFileReference; lastKnownFileType = sourcecode.swift; path = CameraManager.swift; sourceTree = "<group>"; };
		D35C7A262B527E58004BEE07 /* CameraPreview.swift */ = {isa = PBXFileReference; lastKnownFileType = sourcecode.swift; path = CameraPreview.swift; sourceTree = "<group>"; };
		D35C7A282B527E58004BEE08 /* TagNoResolver.swift */ = {isa = PBXFileReference; lastKnownFileType = sourcecode.swift; path = TagNoResolver.swift; sourceTree = "<group>"; };
		D35C7A2A2B527E58004BEE09 /* ExpiryGuard.swift */ = {isa = PBXFileReference; lastKnownFileType = sourcecode.swift; path = ExpiryGuard.swift; sourceTree = "<group>"; };
		D35C7A2C2B527E58004BEE0A /* ExpiredView.swift */ = {isa = PBXFileReference; lastKnownFileType = sourcecode.swift; path = ExpiredView.swift; sourceTree = "<group>"; };
		D35C7A2E2B527E58004BEE0B /* BarcodeScannerView.swift */ = {isa = PBXFileReference; lastKnownFileType = sourcecode.swift; path = BarcodeScannerView.swift; sourceTree = "<group>"; };
		D35C7A302B527E58004BEE0C /* FolderPicker.swift */ = {isa = PBXFileReference; lastKnownFileType = sourcecode.swift; path = FolderPicker.swift; sourceTree = "<group>"; };
		D35C7A322B527E58004BEE0D /* Info.plist */ = {isa = PBXFileReference; lastKnownFileType = text.plist.xml; path = Info.plist; sourceTree = "<group>"; };
		D35C7A332B527E58004BEE0E /* Assets.xcassets */ = {isa = PBXFileReference; lastKnownFileType = folder.assetcatalog; path = Assets.xcassets; sourceTree = "<group>"; };
		D35C7A392B527E58004BEE13 /* CaptureProiOS.app */ = {isa = PBXFileReference; explicitFileType = wrapper.application; includeInIndex = 0; path = CaptureProiOS.app; sourceTree = BUILT_PRODUCTS_DIR; };
/* End PBXFileReference section */

/* Begin PBXFrameworksBuildPhase section */
		D35C7A412B527E58004BEE1B /* Frameworks */ = {
			isa = PBXFrameworksBuildPhase;
			buildActionMask = 2147483647;
			files = (
			);
			runOnlyForDeploymentPostprocessing = 0;
		};
/* End PBXFrameworksBuildPhase section */

/* Begin PBXGroup section */
		D35C7A1D2B527E58004BEE01 = {
			isa = PBXGroup;
			children = (
				D35C7A352B527E58004BEE0F /* Sources */,
				D35C7A362B527E58004BEE10 /* Supporting Files */,
				D35C7A372B527E58004BEE11 /* Frameworks */,
				D35C7A382B527E58004BEE12 /* Products */,
			);
			sourceTree = "<group>";
		};
		D35C7A352B527E58004BEE0F /* Sources */ = {
			isa = PBXGroup;
			children = (
				D35C7A202B527E58004BEE04 /* CaptureProApp.swift */,
				D35C7A222B527E58004BEE05 /* ContentView.swift */,
				D35C7A242B527E58004BEE06 /* CameraManager.swift */,
				D35C7A262B527E58004BEE07 /* CameraPreview.swift */,
				D35C7A282B527E58004BEE08 /* TagNoResolver.swift */,
				D35C7A2A2B527E58004BEE09 /* ExpiryGuard.swift */,
				D35C7A2C2B527E58004BEE0A /* ExpiredView.swift */,
				D35C7A2E2B527E58004BEE0B /* BarcodeScannerView.swift */,
				D35C7A302B527E58004BEE0C /* FolderPicker.swift */,
			);
			name = Sources;
			sourceTree = "<group>";
		};
		D35C7A362B527E58004BEE10 /* Supporting Files */ = {
			isa = PBXGroup;
			children = (
				D35C7A332B527E58004BEE0E /* Assets.xcassets */,
				D35C7A322B527E58004BEE0D /* Info.plist */,
			);
			name = "Supporting Files";
			sourceTree = "<group>";
		};
		D35C7A372B527E58004BEE11 /* Frameworks */ = {
			isa = PBXGroup;
			children = (
			);
			name = Frameworks;
			sourceTree = "<group>";
		};
		D35C7A382B527E58004BEE12 /* Products */ = {
			isa = PBXGroup;
			children = (
				D35C7A392B527E58004BEE13 /* CaptureProiOS.app */,
			);
			name = Products;
			sourceTree = "<group>";
		};
/* End PBXGroup section */

/* Begin PBXNativeTarget section */
		D35C7A1E2B527E58004BEE02 /* CaptureProiOS */ = {
			isa = PBXNativeTarget;
			buildConfigurationList = D35C7A3F2B527E58004BEE19 /* Build configuration list for PBXNativeTarget "CaptureProiOS" */;
			buildPhases = (
				D35C7A402B527E58004BEE1A /* Sources */,
				D35C7A412B527E58004BEE1B /* Frameworks */,
				D35C7A422B527E58004BEE1C /* Resources */,
			);
			buildRules = (
			);
			dependencies = (
			);
			name = CaptureProiOS;
			productName = CaptureProiOS;
			productReference = D35C7A392B527E58004BEE13 /* CaptureProiOS.app */;
			productType = "com.apple.product-type.application";
		};
/* End PBXNativeTarget section */

/* Begin PBXProject section */
		D35C7A1F2B527E58004BEE03 /* Project object */ = {
			isa = PBXProject;
			attributes = {
				LastSwiftUpdateCheck = 1300;
				LastUpgradeCheck = 1300;
				TargetAttributes = {
					D35C7A1E2B527E58004BEE02 = {
						CreatedOnToolsVersion = 13.0;
					};
				};
			};
			buildConfigurationList = D35C7A3E2B527E58004BEE18 /* Build configuration list for PBXProject "CaptureProiOS" */;
			compatibilityVersion = "Xcode 9.3";
			developmentRegion = en;
			hasScannedForEncodings = 0;
			knownRegions = (
				en,
				Base,
			);
			mainGroup = D35C7A1D2B527E58004BEE01;
			productRefGroup = D35C7A382B527E58004BEE12 /* Products */;
			projectDirPath = "";
			projectRoot = "";
			targets = (
				D35C7A1E2B527E58004BEE02 /* CaptureProiOS */,
			);
		};
/* End PBXProject section */

/* Begin PBXResourcesBuildPhase section */
		D35C7A422B527E58004BEE1C /* Resources */ = {
			isa = PBXResourcesBuildPhase;
			buildActionMask = 2147483647;
			files = (
				D35C7A342B527E58004BEE0E /* Assets.xcassets in Resources */,
			);
			runOnlyForDeploymentPostprocessing = 0;
		};
/* End PBXResourcesBuildPhase section */

/* Begin PBXSourcesBuildPhase section */
		D35C7A402B527E58004BEE1A /* Sources */ = {
			isa = PBXSourcesBuildPhase;
			buildActionMask = 2147483647;
			files = (
				D35C7A212B527E58004BEE04 /* CaptureProApp.swift in Sources */,
				D35C7A232B527E58004BEE05 /* ContentView.swift in Sources */,
				D35C7A252B527E58004BEE06 /* CameraManager.swift in Sources */,
				D35C7A272B527E58004BEE07 /* CameraPreview.swift in Sources */,
				D35C7A292B527E58004BEE08 /* TagNoResolver.swift in Sources */,
				D35C7A2B2B527E58004BEE09 /* ExpiryGuard.swift in Sources */,
				D35C7A2D2B527E58004BEE0A /* ExpiredView.swift in Sources */,
				D35C7A2F2B527E58004BEE0B /* BarcodeScannerView.swift in Sources */,
				D35C7A312B527E58004BEE0C /* FolderPicker.swift in Sources */,
			);
			runOnlyForDeploymentPostprocessing = 0;
		};
/* End PBXSourcesBuildPhase section */

/* Begin XCBuildConfiguration section */
		D35C7A3A2B527E58004BEE14 /* Debug */ = {
			isa = XCBuildConfiguration;
			buildSettings = {
				ALWAYS_SEARCH_USER_PATHS = NO;
				CLANG_ANALYZER_NONNULL = YES;
				CLANG_ANALYZER_NUMBER_OBJECT_CONVERSION = YES_AGGRESSIVE;
				CLANG_CXX_LANGUAGE_STANDARD = "gnu++17";
				CLANG_CXX_LIBRARY = "libc++";
				CLANG_ENABLE_MODULES = YES;
				CLANG_ENABLE_OBJC_ARC = YES;
				CLANG_ENABLE_OBJC_WEAK = YES;
				COPY_PHASE_STRIP = NO;
				DEBUG_INFORMATION_FORMAT = dwarf;
				ENABLE_STRICT_OBJC_MSGSEND = YES;
				ENABLE_TESTABILITY = YES;
				GCC_C_LANGUAGE_STANDARD = gnu11;
				GCC_DYNAMIC_NO_PIC = NO;
				GCC_NO_COMMON_BLOCKS = YES;
				GCC_OPTIMIZATION_LEVEL = 0;
				GCC_PREPROCESSOR_DEFINITIONS = (
					"DEBUG=1",
					"$(inherited)",
				);
				GCC_WARN_64_TO_32_BIT_CONVERSION = YES;
				GCC_WARN_ABOUT_RETURN_TYPE = YES_ERROR;
				GCC_WARN_UNDECLARED_SELECTOR = YES;
				GCC_WARN_UNINITIALIZED_AUTOMATIC = YES_AGGRESSIVE;
				GCC_WARN_UNUSED_FUNCTION = YES;
				GCC_WARN_UNUSED_VARIABLE = YES;
				IPHONEOS_DEPLOYMENT_TARGET = 14.0;
				MTL_ENABLE_DEBUG_INFO = INCLUDE_SOURCE;
				MTL_FAST_MATH = YES;
				ONLY_ACTIVE_ARCH = YES;
				SDKROOT = iphoneos;
				SWIFT_ACTIVE_COMPILATION_CONDITIONS = DEBUG;
				SWIFT_OPTIMIZATION_LEVEL = "-Onone";
			};
			name = Debug;
		};
		D35C7A3B2B527E58004BEE15 /* Release */ = {
			isa = XCBuildConfiguration;
			buildSettings = {
				ALWAYS_SEARCH_USER_PATHS = NO;
				CLANG_ANALYZER_NONNULL = YES;
				CLANG_ANALYZER_NUMBER_OBJECT_CONVERSION = YES_AGGRESSIVE;
				CLANG_CXX_LANGUAGE_STANDARD = "gnu++17";
				CLANG_CXX_LIBRARY = "libc++";
				CLANG_ENABLE_MODULES = YES;
				CLANG_ENABLE_OBJC_ARC = YES;
				CLANG_ENABLE_OBJC_WEAK = YES;
				COPY_PHASE_STRIP = YES;
				DEBUG_INFORMATION_FORMAT = "dwarf-with-dsym";
				ENABLE_NS_ASSERTIONS = NO;
				ENABLE_STRICT_OBJC_MSGSEND = YES;
				GCC_C_LANGUAGE_STANDARD = gnu11;
				GCC_NO_COMMON_BLOCKS = YES;
				GCC_WARN_64_TO_32_BIT_CONVERSION = YES;
				GCC_WARN_ABOUT_RETURN_TYPE = YES_ERROR;
				GCC_WARN_UNDECLARED_SELECTOR = YES;
				GCC_WARN_UNINITIALIZED_AUTOMATIC = YES_AGGRESSIVE;
				GCC_WARN_UNUSED_FUNCTION = YES;
				GCC_WARN_UNUSED_VARIABLE = YES;
				IPHONEOS_DEPLOYMENT_TARGET = 14.0;
				MTL_ENABLE_DEBUG_INFO = NO;
				MTL_FAST_MATH = YES;
				SDKROOT = iphoneos;
				SWIFT_COMPILATION_MODE = wholemodule;
				SWIFT_OPTIMIZATION_LEVEL = "-O";
				VALIDATE_PRODUCT = YES;
			};
			name = Release;
		};
		D35C7A3C2B527E58004BEE16 /* Debug */ = {
			isa = XCBuildConfiguration;
			buildSettings = {
				ASSETCATALOG_COMPILER_APPICON_NAME = AppIcon;
				ASSETCATALOG_COMPILER_GLOBAL_ACCENT_COLOR_NAME = AccentColor;
				CODE_SIGN_STYLE = Automatic;
				DEVELOPMENT_TEAM = "";
				INFOPLIST_FILE = Info.plist;
				LD_RUNPATH_SEARCH_PATHS = (
					"$(inherited)",
					"@executable_path/Frameworks",
				);
				PRODUCT_BUNDLE_IDENTIFIER = com.capturepro.app;
				PRODUCT_NAME = "$(TARGET_NAME)";
				SWIFT_EMIT_LOC_STRINGS = YES;
				SWIFT_VERSION = 5.0;
				TARGETED_DEVICE_FAMILY = "1,2";
			};
			name = Debug;
		};
		D35C7A3D2B527E58004BEE17 /* Release */ = {
			isa = XCBuildConfiguration;
			buildSettings = {
				ASSETCATALOG_COMPILER_APPICON_NAME = AppIcon;
				ASSETCATALOG_COMPILER_GLOBAL_ACCENT_COLOR_NAME = AccentColor;
				CODE_SIGN_STYLE = Automatic;
				DEVELOPMENT_TEAM = "";
				INFOPLIST_FILE = Info.plist;
				LD_RUNPATH_SEARCH_PATHS = (
					"$(inherited)",
					"@executable_path/Frameworks",
				);
				PRODUCT_BUNDLE_IDENTIFIER = com.capturepro.app;
				PRODUCT_NAME = "$(TARGET_NAME)";
				SWIFT_EMIT_LOC_STRINGS = YES;
				SWIFT_VERSION = 5.0;
				TARGETED_DEVICE_FAMILY = "1,2";
			};
			name = Release;
		};
/* End XCBuildConfiguration section */

/* Begin XCConfigurationList section */
		D35C7A3E2B527E58004BEE18 /* Build configuration list for PBXProject "CaptureProiOS" */ = {
			isa = XCConfigurationList;
			buildConfigurations = (
				D35C7A3A2B527E58004BEE14 /* Debug */,
				D35C7A3B2B527E58004BEE15 /* Release */,
			);
			defaultConfigurationIsVisible = 0;
			defaultConfigurationName = Release;
		};
		D35C7A3F2B527E58004BEE19 /* Build configuration list for PBXNativeTarget "CaptureProiOS" */ = {
			isa = XCConfigurationList;
			buildConfigurations = (
				D35C7A3C2B527E58004BEE16 /* Debug */,
				D35C7A3D2B527E58004BEE17 /* Release */,
			);
			defaultConfigurationIsVisible = 0;
			defaultConfigurationName = Release;
		};
/* End XCConfigurationList section */
	};
	rootObject = D35C7A1F2B527E58004BEE03 /* Project object */;
}
